Microsoft Visual Studio Solution File, Format Version 12.00
# Visual Studio Version 17
VisualStudioVersion = 17.5.2.0
MinimumVisualStudioVersion = 10.0.40219.1
Project("{FAE04EC0-301F-11D3-BF4B-00C04F79EFBC}") = "CleanBrilliantCompany", "CleanBrilliantCompany.csproj", "{D10581B5-B167-0D1C-0ABC-D0BCD160E166}"
EndProject
Global
	GlobalSection(SolutionConfigurationPlatforms) = preSolution
		Debug|Any CPU = Debug|Any CPU
		Release|Any CPU = Release|Any CPU
	EndGlobalSection
	GlobalSection(ProjectConfigurationPlatforms) = postSolution
		{D10581B5-B167-0D1C-0ABC-D0BCD160E166}.Debug|Any CPU.ActiveCfg = Debug|Any CPU
		{D10581B5-B167-0D1C-0ABC-D0BCD160E166}.Debug|Any CPU.Build.0 = Debug|Any CPU
		{D10581B5-B167-0D1C-0ABC-D0BCD160E166}.Release|Any CPU.ActiveCfg = Release|Any CPU
		{D10581B5-B167-0D1C-0ABC-D0BCD160E166}.Release|Any CPU.Build.0 = Release|Any CPU
	EndGlobalSection
	GlobalSection(SolutionProperties) = preSolution
		HideSolutionNode = FALSE
	EndGlobalSection
	GlobalSection(ExtensibilityGlobals) = postSolution
		SolutionGuid = {C3B63D92-901D-46B5-83A6-205C8BD233F5}
	EndGlobalSection
EndGlobal
